
Microsoft Visual Studio Solution File, Format Version 12.00
# Visual Studio 14
VisualStudioVersion = 14.0.25420.1
MinimumVisualStudioVersion = 10.0.40219.1
Project("{F2A71F9B-5D33-465A-A702-920D77279786}") = "TextOn.Atom", "src\TextOn.Atom\TextOn.Atom.fsproj", "{7105FABA-8E4C-4943-B1A7-35F55BE69003}"
EndProject
Project("{F2A71F9B-5D33-465A-A702-920D77279786}") = "TextOn.Atom.Test", "src\TextOn.Atom.Test\TextOn.Atom.Test.fsproj", "{EFD0CBF4-9709-4822-945C-D8B9F3313EF7}"
EndProject
Project("{F2A71F9B-5D33-465A-A702-920D77279786}") = "TextOn.Atom.DTO", "src\TextOn.Atom.DTO\TextOn.Atom.DTO.fsproj", "{7C8B2D6C-FECA-466F-8EFF-9A2595FED812}"
EndProject
Project("{2150E333-8FDC-42A3-9474-1A3956D46DE8}") = "Solution Items", "Solution Items", "{6A0EC93D-D6FC-4966-88AA-ABB49A26F09E}"
	ProjectSection(SolutionItems) = preProject
		paket.dependencies = paket.dependencies
	EndProjectSection
EndProject
Global
	GlobalSection(SolutionConfigurationPlatforms) = preSolution
		Debug|Any CPU = Debug|Any CPU
		Release|Any CPU = Release|Any CPU
	EndGlobalSection
	GlobalSection(ProjectConfigurationPlatforms) = postSolution
		{7105FABA-8E4C-4943-B1A7-35F55BE69003}.Debug|Any CPU.ActiveCfg = Debug|Any CPU
		{7105FABA-8E4C-4943-B1A7-35F55BE69003}.Debug|Any CPU.Build.0 = Debug|Any CPU
		{7105FABA-8E4C-4943-B1A7-35F55BE69003}.Release|Any CPU.ActiveCfg = Release|Any CPU
		{7105FABA-8E4C-4943-B1A7-35F55BE69003}.Release|Any CPU.Build.0 = Release|Any CPU
		{EFD0CBF4-9709-4822-945C-D8B9F3313EF7}.Debug|Any CPU.ActiveCfg = Debug|Any CPU
		{EFD0CBF4-9709-4822-945C-D8B9F3313EF7}.Debug|Any CPU.Build.0 = Debug|Any CPU
		{EFD0CBF4-9709-4822-945C-D8B9F3313EF7}.Release|Any CPU.ActiveCfg = Release|Any CPU
		{EFD0CBF4-9709-4822-945C-D8B9F3313EF7}.Release|Any CPU.Build.0 = Release|Any CPU
		{7C8B2D6C-FECA-466F-8EFF-9A2595FED812}.Debug|Any CPU.ActiveCfg = Debug|Any CPU
		{7C8B2D6C-FECA-466F-8EFF-9A2595FED812}.Debug|Any CPU.Build.0 = Debug|Any CPU
		{7C8B2D6C-FECA-466F-8EFF-9A2595FED812}.Release|Any CPU.ActiveCfg = Release|Any CPU
		{7C8B2D6C-FECA-466F-8EFF-9A2595FED812}.Release|Any CPU.Build.0 = Release|Any CPU
	EndGlobalSection
	GlobalSection(SolutionProperties) = preSolution
		HideSolutionNode = FALSE
	EndGlobalSection
EndGlobal
